// !$*UTF8*$!
{
	archiveVersion = 1;
	classes = {
	};
	objectVersion = 46;
	objects = {

/* Begin PBXBuildFile section */
		4F6AA08B1975098A00EA74A2 /* Cocoa.framework in Frameworks */ = {isa = PBXBuildFile; fileRef = 4F6AA08A1975098A00EA74A2 /* Cocoa.framework */; };
		4F6AA0951975098A00EA74A2 /* InfoPlist.strings in Resources */ = {isa = PBXBuildFile; fileRef = 4F6AA0931975098A00EA74A2 /* InfoPlist.strings */; };
		4F6AA0971975098A00EA74A2 /* main.m in Sources */ = {isa = PBXBuildFile; fileRef = 4F6AA0961975098A00EA74A2 /* main.m */; };
		4F6AA09B1975098A00EA74A2 /* Credits.rtf in Resources */ = {isa = PBXBuildFile; fileRef = 4F6AA0991975098A00EA74A2 /* Credits.rtf */; };
		4F6AA09E1975098A00EA74A2 /* AppDelegate.m in Sources */ = {isa = PBXBuildFile; fileRef = 4F6AA09D1975098A00EA74A2 /* AppDelegate.m */; };
		4F6AA0A11975098A00EA74A2 /* MainMenu.xib in Resources */ = {isa = PBXBuildFile; fileRef = 4F6AA09F1975098A00EA74A2 /* MainMenu.xib */; };
		4F6AA0A31975098A00EA74A2 /* Images.xcassets in Resources */ = {isa = PBXBuildFile; fileRef = 4F6AA0A21975098A00EA74A2 /* Images.xcassets */; };
		4F6AA0AA1975098A00EA74A2 /* XCTest.framework in Frameworks */ = {isa = PBXBuildFile; fileRef = 4F6AA0A91975098A00EA74A2 /* XCTest.framework */; };
		4F6AA0AB1975098A00EA74A2 /* Cocoa.framework in Frameworks */ = {isa = PBXBuildFile; fileRef = 4F6AA08A1975098A00EA74A2 /* Cocoa.framework */; };
		4F6AA0B31975098A00EA74A2 /* InfoPlist.strings in Resources */ = {isa = PBXBuildFile; fileRef = 4F6AA0B11975098A00EA74A2 /* InfoPlist.strings */; };
		4F6AA0B51975098A00EA74A2 /* BindingTestTests.m in Sources */ = {isa = PBXBuildFile; fileRef = 4F6AA0B41975098A00EA74A2 /* BindingTestTests.m */; };
		4F6AA0C01975130300EA74A2 /* RKTUser.m in Sources */ = {isa = PBXBuildFile; fileRef = 4F6AA0BF1975130300EA74A2 /* RKTUser.m */; };
		4F6AA0C31975131900EA74A2 /* RKTweet.m in Sources */ = {isa = PBXBuildFile; fileRef = 4F6AA0C21975131900EA74A2 /* RKTweet.m */; };
		BD8775B103BA46A698E71618 /* libPods-BindingTest.a in Frameworks */ = {isa = PBXBuildFile; fileRef = 8E91AC4B4BE24A6695CC8A0F /* libPods-BindingTest.a */; };
/* End PBXBuildFile section */

/* Begin PBXContainerItemProxy section */
		4F6AA0AC1975098A00EA74A2 /* PBXContainerItemProxy */ = {
			isa = PBXContainerItemProxy;
			containerPortal = 4F6AA07F1975098A00EA74A2 /* Project object */;
			proxyType = 1;
			remoteGlobalIDString = 4F6AA0861975098A00EA74A2;
			remoteInfo = BindingTest;
		};
/* End PBXContainerItemProxy section */

/* Begin PBXFileReference section */
		4F6AA0871975098A00EA74A2 /* BindingTest.app */ = {isa = PBXFileReference; explicitFileType = wrapper.application; includeInIndex = 0; path = BindingTest.app; sourceTree = BUILT_PRODUCTS_DIR; };
		4F6AA08A1975098A00EA74A2 /* Cocoa.framework */ = {isa = PBXFileReference; lastKnownFileType = wrapper.framework; name = Cocoa.framework; path = System/Library/Frameworks/Cocoa.framework; sourceTree = SDKROOT; };
		4F6AA08D1975098A00EA74A2 /* AppKit.framework */ = {isa = PBXFileReference; lastKnownFileType = wrapper.framework; name = AppKit.framework; path = System/Library/Frameworks/AppKit.framework; sourceTree = SDKROOT; };
		4F6AA08E1975098A00EA74A2 /* CoreData.framework */ = {isa = PBXFileReference; lastKnownFileType = wrapper.framework; name = CoreData.framework; path = System/Library/Frameworks/CoreData.framework; sourceTree = SDKROOT; };
		4F6AA08F1975098A00EA74A2 /* Foundation.framework */ = {isa = PBXFileReference; lastKnownFileType = wrapper.framework; name = Foundation.framework; path = System/Library/Frameworks/Foundation.framework; sourceTree = SDKROOT; };
		4F6AA0921975098A00EA74A2 /* BindingTest-Info.plist */ = {isa = PBXFileReference; lastKnownFileType = text.plist.xml; path = "BindingTest-Info.plist"; sourceTree = "<group>"; };
		4F6AA0941975098A00EA74A2 /* en */ = {isa = PBXFileReference; lastKnownFileType = text.plist.strings; name = en; path = en.lproj/InfoPlist.strings; sourceTree = "<group>"; };
		4F6AA0961975098A00EA74A2 /* main.m */ = {isa = PBXFileReference; lastKnownFileType = sourcecode.c.objc; path = main.m; sourceTree = "<group>"; };
		4F6AA0981975098A00EA74A2 /* BindingTest-Prefix.pch */ = {isa = PBXFileReference; lastKnownFileType = sourcecode.c.h; path = "BindingTest-Prefix.pch"; sourceTree = "<group>"; };
		4F6AA09A1975098A00EA74A2 /* en */ = {isa = PBXFileReference; lastKnownFileType = text.rtf; name = en; path = en.lproj/Credits.rtf; sourceTree = "<group>"; };
		4F6AA09C1975098A00EA74A2 /* AppDelegate.h */ = {isa = PBXFileReference; lastKnownFileType = sourcecode.c.h; path = AppDelegate.h; sourceTree = "<group>"; };
		4F6AA09D1975098A00EA74A2 /* AppDelegate.m */ = {isa = PBXFileReference; lastKnownFileType = sourcecode.c.objc; path = AppDelegate.m; sourceTree = "<group>"; };
		4F6AA0A01975098A00EA74A2 /* Base */ = {isa = PBXFileReference; lastKnownFileType = file.xib; name = Base; path = Base.lproj/MainMenu.xib; sourceTree = "<group>"; };
		4F6AA0A21975098A00EA74A2 /* Images.xcassets */ = {isa = PBXFileReference; lastKnownFileType = folder.assetcatalog; path = Images.xcassets; sourceTree = "<group>"; };
		4F6AA0A81975098A00EA74A2 /* BindingTestTests.xctest */ = {isa = PBXFileReference; explicitFileType = wrapper.cfbundle; includeInIndex = 0; path = BindingTestTests.xctest; sourceTree = BUILT_PRODUCTS_DIR; };
		4F6AA0A91975098A00EA74A2 /* XCTest.framework */ = {isa = PBXFileReference; lastKnownFileType = wrapper.framework; name = XCTest.framework; path = Library/Frameworks/XCTest.framework; sourceTree = DEVELOPER_DIR; };
		4F6AA0B01975098A00EA74A2 /* BindingTestTests-Info.plist */ = {isa = PBXFileReference; lastKnownFileType = text.plist.xml; path = "BindingTestTests-Info.plist"; sourceTree = "<group>"; };
		4F6AA0B21975098A00EA74A2 /* en */ = {isa = PBXFileReference; lastKnownFileType = text.plist.strings; name = en; path = en.lproj/InfoPlist.strings; sourceTree = "<group>"; };
		4F6AA0B41975098A00EA74A2 /* BindingTestTests.m */ = {isa = PBXFileReference; lastKnownFileType = sourcecode.c.objc; path = BindingTestTests.m; sourceTree = "<group>"; };
		4F6AA0BE1975130300EA74A2 /* RKTUser.h */ = {isa = PBXFileReference; fileEncoding = 4; lastKnownFileType = sourcecode.c.h; path = RKTUser.h; sourceTree = "<group>"; };
		4F6AA0BF1975130300EA74A2 /* RKTUser.m */ = {isa = PBXFileReference; fileEncoding = 4; lastKnownFileType = sourcecode.c.objc; path = RKTUser.m; sourceTree = "<group>"; };
		4F6AA0C11975131900EA74A2 /* RKTweet.h */ = {isa = PBXFileReference; fileEncoding = 4; lastKnownFileType = sourcecode.c.h; path = RKTweet.h; sourceTree = "<group>"; };
		4F6AA0C21975131900EA74A2 /* RKTweet.m */ = {isa = PBXFileReference; fileEncoding = 4; lastKnownFileType = sourcecode.c.objc; path = RKTweet.m; sourceTree = "<group>"; };
		8E91AC4B4BE24A6695CC8A0F /* libPods-BindingTest.a */ = {isa = PBXFileReference; explicitFileType = archive.ar; includeInIndex = 0; path = "libPods-BindingTest.a"; sourceTree = BUILT_PRODUCTS_DIR; };
		D41081A5C1314501964CE866 /* Pods-BindingTest.xcconfig */ = {isa = PBXFileReference; includeInIndex = 1; lastKnownFileType = text.xcconfig; name = "Pods-BindingTest.xcconfig"; path = "Pods/Pods-BindingTest.xcconfig"; sourceTree = "<group>"; };
/* End PBXFileReference section */

/* Begin PBXFrameworksBuildPhase section */
		4F6AA0841975098A00EA74A2 /* Frameworks */ = {
			isa = PBXFrameworksBuildPhase;
			buildActionMask = 2147483647;
			files = (
				4F6AA08B1975098A00EA74A2 /* Cocoa.framework in Frameworks */,
				BD8775B103BA46A698E71618 /* libPods-BindingTest.a in Frameworks */,
			);
			runOnlyForDeploymentPostprocessing = 0;
		};
		4F6AA0A51975098A00EA74A2 /* Frameworks */ = {
			isa = PBXFrameworksBuildPhase;
			buildActionMask = 2147483647;
			files = (
				4F6AA0AB1975098A00EA74A2 /* Cocoa.framework in Frameworks */,
				4F6AA0AA1975098A00EA74A2 /* XCTest.framework in Frameworks */,
			);
			runOnlyForDeploymentPostprocessing = 0;
		};
/* End PBXFrameworksBuildPhase section */

/* Begin PBXGroup section */
		4F6AA07E1975098A00EA74A2 = {
			isa = PBXGroup;
			children = (
				4F6AA0901975098A00EA74A2 /* BindingTest */,
				4F6AA0AE1975098A00EA74A2 /* BindingTestTests */,
				4F6AA0891975098A00EA74A2 /* Frameworks */,
				4F6AA0881975098A00EA74A2 /* Products */,
				D41081A5C1314501964CE866 /* Pods-BindingTest.xcconfig */,
			);
			sourceTree = "<group>";
		};
		4F6AA0881975098A00EA74A2 /* Products */ = {
			isa = PBXGroup;
			children = (
				4F6AA0871975098A00EA74A2 /* BindingTest.app */,
				4F6AA0A81975098A00EA74A2 /* BindingTestTests.xctest */,
			);
			name = Products;
			sourceTree = "<group>";
		};
		4F6AA0891975098A00EA74A2 /* Frameworks */ = {
			isa = PBXGroup;
			children = (
				4F6AA08A1975098A00EA74A2 /* Cocoa.framework */,
				4F6AA0A91975098A00EA74A2 /* XCTest.framework */,
				4F6AA08C1975098A00EA74A2 /* Other Frameworks */,
				8E91AC4B4BE24A6695CC8A0F /* libPods-BindingTest.a */,
			);
			name = Frameworks;
			sourceTree = "<group>";
		};
		4F6AA08C1975098A00EA74A2 /* Other Frameworks */ = {
			isa = PBXGroup;
			children = (
				4F6AA08D1975098A00EA74A2 /* AppKit.framework */,
				4F6AA08E1975098A00EA74A2 /* CoreData.framework */,
				4F6AA08F1975098A00EA74A2 /* Foundation.framework */,
			);
			name = "Other Frameworks";
			sourceTree = "<group>";
		};
		4F6AA0901975098A00EA74A2 /* BindingTest */ = {
			isa = PBXGroup;
			children = (
				4F6AA09C1975098A00EA74A2 /* AppDelegate.h */,
				4F6AA09D1975098A00EA74A2 /* AppDelegate.m */,
				4F6AA09F1975098A00EA74A2 /* MainMenu.xib */,
				4F6AA0A21975098A00EA74A2 /* Images.xcassets */,
				4F6AA0911975098A00EA74A2 /* Supporting Files */,
				4F6AA0BE1975130300EA74A2 /* RKTUser.h */,
				4F6AA0BF1975130300EA74A2 /* RKTUser.m */,
				4F6AA0C11975131900EA74A2 /* RKTweet.h */,
				4F6AA0C21975131900EA74A2 /* RKTweet.m */,
			);
			path = BindingTest;
			sourceTree = "<group>";
		};
		4F6AA0911975098A00EA74A2 /* Supporting Files */ = {
			isa = PBXGroup;
			children = (
				4F6AA0921975098A00EA74A2 /* BindingTest-Info.plist */,
				4F6AA0931975098A00EA74A2 /* InfoPlist.strings */,
				4F6AA0961975098A00EA74A2 /* main.m */,
				4F6AA0981975098A00EA74A2 /* BindingTest-Prefix.pch */,
				4F6AA0991975098A00EA74A2 /* Credits.rtf */,
			);
			name = "Supporting Files";
			sourceTree = "<group>";
		};
		4F6AA0AE1975098A00EA74A2 /* BindingTestTests */ = {
			isa = PBXGroup;
			children = (
				4F6AA0B41975098A00EA74A2 /* BindingTestTests.m */,
				4F6AA0AF1975098A00EA74A2 /* Supporting Files */,
			);
			path = BindingTestTests;
			sourceTree = "<group>";
		};
		4F6AA0AF1975098A00EA74A2 /* Supporting Files */ = {
			isa = PBXGroup;
			children = (
				4F6AA0B01975098A00EA74A2 /* BindingTestTests-Info.plist */,
				4F6AA0B11975098A00EA74A2 /* InfoPlist.strings */,
			);
			name = "Supporting Files";
			sourceTree = "<group>";
		};
/* End PBXGroup section */

/* Begin PBXNativeTarget section */
		4F6AA0861975098A00EA74A2 /* BindingTest */ = {
			isa = PBXNativeTarget;
			buildConfigurationList = 4F6AA0B81975098A00EA74A2 /* Build configuration list for PBXNativeTarget "BindingTest" */;
			buildPhases = (
				4768FC4BF330446F91FAFEF7 /* Check Pods Manifest.lock */,
				4F6AA0831975098A00EA74A2 /* Sources */,
				4F6AA0841975098A00EA74A2 /* Frameworks */,
				4F6AA0851975098A00EA74A2 /* Resources */,
				4866119D5217474CAB85B2FB /* Copy Pods Resources */,
			);
			buildRules = (
			);
			dependencies = (
			);
			name = BindingTest;
			productName = BindingTest;
			productReference = 4F6AA0871975098A00EA74A2 /* BindingTest.app */;
			productType = "com.apple.product-type.application";
		};
		4F6AA0A71975098A00EA74A2 /* BindingTestTests */ = {
			isa = PBXNativeTarget;
			buildConfigurationList = 4F6AA0BB1975098A00EA74A2 /* Build configuration list for PBXNativeTarget "BindingTestTests" */;
			buildPhases = (
				4F6AA0A41975098A00EA74A2 /* Sources */,
				4F6AA0A51975098A00EA74A2 /* Frameworks */,
				4F6AA0A61975098A00EA74A2 /* Resources */,
			);
			buildRules = (
			);
			dependencies = (
				4F6AA0AD1975098A00EA74A2 /* PBXTargetDependency */,
			);
			name = BindingTestTests;
			productName = BindingTestTests;
			productReference = 4F6AA0A81975098A00EA74A2 /* BindingTestTests.xctest */;
			productType = "com.apple.product-type.bundle.unit-test";
		};
/* End PBXNativeTarget section */

/* Begin PBXProject section */
		4F6AA07F1975098A00EA74A2 /* Project object */ = {
			isa = PBXProject;
			attributes = {
				LastUpgradeCheck = 0510;
				ORGANIZATIONNAME = m0a;
				TargetAttributes = {
					4F6AA0A71975098A00EA74A2 = {
						TestTargetID = 4F6AA0861975098A00EA74A2;
					};
				};
			};
			buildConfigurationList = 4F6AA0821975098A00EA74A2 /* Build configuration list for PBXProject "BindingTest" */;
			compatibilityVersion = "Xcode 3.2";
			developmentRegion = English;
			hasScannedForEncodings = 0;
			knownRegions = (
				en,
				Base,
			);
			mainGroup = 4F6AA07E1975098A00EA74A2;
			productRefGroup = 4F6AA0881975098A00EA74A2 /* Products */;
			projectDirPath = "";
			projectRoot = "";
			targets = (
				4F6AA0861975098A00EA74A2 /* BindingTest */,
				4F6AA0A71975098A00EA74A2 /* BindingTestTests */,
			);
		};
/* End PBXProject section */

/* Begin PBXResourcesBuildPhase section */
		4F6AA0851975098A00EA74A2 /* Resources */ = {
			isa = PBXResourcesBuildPhase;
			buildActionMask = 2147483647;
			files = (
				4F6AA0951975098A00EA74A2 /* InfoPlist.strings in Resources */,
				4F6AA0A31975098A00EA74A2 /* Images.xcassets in Resources */,
				4F6AA09B1975098A00EA74A2 /* Credits.rtf in Resources */,
				4F6AA0A11975098A00EA74A2 /* MainMenu.xib in Resources */,
			);
			runOnlyForDeploymentPostprocessing = 0;
		};
		4F6AA0A61975098A00EA74A2 /* Resources */ = {
			isa = PBXResourcesBuildPhase;
			buildActionMask = 2147483647;
			files = (
				4F6AA0B31975098A00EA74A2 /* InfoPlist.strings in Resources */,
			);
			runOnlyForDeploymentPostprocessing = 0;
		};
/* End PBXResourcesBuildPhase section */

/* Begin PBXShellScriptBuildPhase section */
		4768FC4BF330446F91FAFEF7 /* Check Pods Manifest.lock */ = {
			isa = PBXShellScriptBuildPhase;
			buildActionMask = 2147483647;
			files = (
			);
			inputPaths = (
			);
			name = "Check Pods Manifest.lock";
			outputPaths = (
			);
			runOnlyForDeploymentPostprocessing = 0;
			shellPath = /bin/sh;
			shellScript = "diff \"${PODS_ROOT}/../Podfile.lock\" \"${PODS_ROOT}/Manifest.lock\" > /dev/null\nif [[ $? != 0 ]] ; then\n    cat << EOM\nerror: The sandbox is not in sync with the Podfile.lock. Run 'pod install' or update your CocoaPods installation.\nEOM\n    exit 1\nfi\n";
			showEnvVarsInLog = 0;
		};
		4866119D5217474CAB85B2FB /* Copy Pods Resources */ = {
			isa = PBXShellScriptBuildPhase;
			buildActionMask = 2147483647;
			files = (
			);
			inputPaths = (
			);
			name = "Copy Pods Resources";
			outputPaths = (
			);
			runOnlyForDeploymentPostprocessing = 0;
			shellPath = /bin/sh;
			shellScript = "\"${SRCROOT}/Pods/Pods-BindingTest-resources.sh\"\n";
			showEnvVarsInLog = 0;
		};
/* End PBXShellScriptBuildPhase section */

/* Begin PBXSourcesBuildPhase section */
		4F6AA0831975098A00EA74A2 /* Sources */ = {
			isa = PBXSourcesBuildPhase;
			buildActionMask = 2147483647;
			files = (
				4F6AA09E1975098A00EA74A2 /* AppDelegate.m in Sources */,
				4F6AA0971975098A00EA74A2 /* main.m in Sources */,
				4F6AA0C31975131900EA74A2 /* RKTweet.m in Sources */,
				4F6AA0C01975130300EA74A2 /* RKTUser.m in Sources */,
			);
			runOnlyForDeploymentPostprocessing = 0;
		};
		4F6AA0A41975098A00EA74A2 /* Sources */ = {
			isa = PBXSourcesBuildPhase;
			buildActionMask = 2147483647;
			files = (
				4F6AA0B51975098A00EA74A2 /* BindingTestTests.m in Sources */,
			);
			runOnlyForDeploymentPostprocessing = 0;
		};
/* End PBXSourcesBuildPhase section */

/* Begin PBXTargetDependency section */
		4F6AA0AD1975098A00EA74A2 /* PBXTargetDependency */ = {
			isa = PBXTargetDependency;
			target = 4F6AA0861975098A00EA74A2 /* BindingTest */;
			targetProxy = 4F6AA0AC1975098A00EA74A2 /* PBXContainerItemProxy */;
		};
/* End PBXTargetDependency section */

/* Begin PBXVariantGroup section */
		4F6AA0931975098A00EA74A2 /* InfoPlist.strings */ = {
			isa = PBXVariantGroup;
			children = (
				4F6AA0941975098A00EA74A2 /* en */,
			);
			name = InfoPlist.strings;
			sourceTree = "<group>";
		};
		4F6AA0991975098A00EA74A2 /* Credits.rtf */ = {
			isa = PBXVariantGroup;
			children = (
				4F6AA09A1975098A00EA74A2 /* en */,
			);
			name = Credits.rtf;
			sourceTree = "<group>";
		};
		4F6AA09F1975098A00EA74A2 /* MainMenu.xib */ = {
			isa = PBXVariantGroup;
			children = (
				4F6AA0A01975098A00EA74A2 /* Base */,
			);
			name = MainMenu.xib;
			sourceTree = "<group>";
		};
		4F6AA0B11975098A00EA74A2 /* InfoPlist.strings */ = {
			isa = PBXVariantGroup;
			children = (
				4F6AA0B21975098A00EA74A2 /* en */,
			);
			name = InfoPlist.strings;
			sourceTree = "<group>";
		};
/* End PBXVariantGroup section */

/* Begin XCBuildConfiguration section */
		4F6AA0B61975098A00EA74A2 /* Debug */ = {
			isa = XCBuildConfiguration;
			buildSettings = {
				ALWAYS_SEARCH_USER_PATHS = NO;
				CLANG_CXX_LANGUAGE_STANDARD = "gnu++0x";
				CLANG_CXX_LIBRARY = "libc++";
				CLANG_ENABLE_MODULES = YES;
				CLANG_ENABLE_OBJC_ARC = YES;
				CLANG_WARN_BOOL_CONVERSION = YES;
				CLANG_WARN_CONSTANT_CONVERSION = YES;
				CLANG_WARN_DIRECT_OBJC_ISA_USAGE = YES_ERROR;
				CLANG_WARN_EMPTY_BODY = YES;
				CLANG_WARN_ENUM_CONVERSION = YES;
				CLANG_WARN_INT_CONVERSION = YES;
				CLANG_WARN_OBJC_ROOT_CLASS = YES_ERROR;
				CLANG_WARN__DUPLICATE_METHOD_MATCH = YES;
				COPY_PHASE_STRIP = NO;
				GCC_C_LANGUAGE_STANDARD = gnu99;
				GCC_DYNAMIC_NO_PIC = NO;
				GCC_ENABLE_OBJC_EXCEPTIONS = YES;
				GCC_OPTIMIZATION_LEVEL = 0;
				GCC_PREPROCESSOR_DEFINITIONS = (
					"DEBUG=1",
					"$(inherited)",
				);
				GCC_SYMBOLS_PRIVATE_EXTERN = NO;
				GCC_WARN_64_TO_32_BIT_CONVERSION = YES;
				GCC_WARN_ABOUT_RETURN_TYPE = YES_ERROR;
				GCC_WARN_UNDECLARED_SELECTOR = YES;
				GCC_WARN_UNINITIALIZED_AUTOS = YES_AGGRESSIVE;
				GCC_WARN_UNUSED_FUNCTION = YES;
				GCC_WARN_UNUSED_VARIABLE = YES;
				MACOSX_DEPLOYMENT_TARGET = 10.9;
				ONLY_ACTIVE_ARCH = YES;
				SDKROOT = macosx;
			};
			name = Debug;
		};
		4F6AA0B71975098A00EA74A2 /* Release */ = {
			isa = XCBuildConfiguration;
			buildSettings = {
				ALWAYS_SEARCH_USER_PATHS = NO;
				CLANG_CXX_LANGUAGE_STANDARD = "gnu++0x";
				CLANG_CXX_LIBRARY = "libc++";
				CLANG_ENABLE_MODULES = YES;
				CLANG_ENABLE_OBJC_ARC = YES;
				CLANG_WARN_BOOL_CONVERSION = YES;
				CLANG_WARN_CONSTANT_CONVERSION = YES;
				CLANG_WARN_DIRECT_OBJC_ISA_USAGE = YES_ERROR;
				CLANG_WARN_EMPTY_BODY = YES;
				CLANG_WARN_ENUM_CONVERSION = YES;
				CLANG_WARN_INT_CONVERSION = YES;
				CLANG_WARN_OBJC_ROOT_CLASS = YES_ERROR;
				CLANG_WARN__DUPLICATE_METHOD_MATCH = YES;
				COPY_PHASE_STRIP = YES;
				DEBUG_INFORMATION_FORMAT = "dwarf-with-dsym";
				ENABLE_NS_ASSERTIONS = NO;
				GCC_C_LANGUAGE_STANDARD = gnu99;
				GCC_ENABLE_OBJC_EXCEPTIONS = YES;
				GCC_WARN_64_TO_32_BIT_CONVERSION = YES;
				GCC_WARN_ABOUT_RETURN_TYPE = YES_ERROR;
				GCC_WARN_UNDECLARED_SELECTOR = YES;
				GCC_WARN_UNINITIALIZED_AUTOS = YES_AGGRESSIVE;
				GCC_WARN_UNUSED_FUNCTION = YES;
				GCC_WARN_UNUSED_VARIABLE = YES;
				MACOSX_DEPLOYMENT_TARGET = 10.9;
				SDKROOT = macosx;
			};
			name = Release;
		};
		4F6AA0B91975098A00EA74A2 /* Debug */ = {
			isa = XCBuildConfiguration;
			baseConfigurationReference = D41081A5C1314501964CE866 /* Pods-BindingTest.xcconfig */;
			buildSettings = {
				ASSETCATALOG_COMPILER_APPICON_NAME = AppIcon;
				COMBINE_HIDPI_IMAGES = YES;
				GCC_PRECOMPILE_PREFIX_HEADER = YES;
				GCC_PREFIX_HEADER = "BindingTest/BindingTest-Prefix.pch";
				INFOPLIST_FILE = "BindingTest/BindingTest-Info.plist";
				PRODUCT_NAME = "$(TARGET_NAME)";
				WRAPPER_EXTENSION = app;
			};
			name = Debug;
		};
		4F6AA0BA1975098A00EA74A2 /* Release */ = {
			isa = XCBuildConfiguration;
			baseConfigurationReference = D41081A5C1314501964CE866 /* Pods-BindingTest.xcconfig */;
			buildSettings = {
				ASSETCATALOG_COMPILER_APPICON_NAME = AppIcon;
				COMBINE_HIDPI_IMAGES = YES;
				GCC_PRECOMPILE_PREFIX_HEADER = YES;
				GCC_PREFIX_HEADER = "BindingTest/BindingTest-Prefix.pch";
				INFOPLIST_FILE = "BindingTest/BindingTest-Info.plist";
				PRODUCT_NAME = "$(TARGET_NAME)";
				WRAPPER_EXTENSION = app;
			};
			name = Release;
		};
		4F6AA0BC1975098A00EA74A2 /* Debug */ = {
			isa = XCBuildConfiguration;
			buildSettings = {
				BUNDLE_LOADER = "$(BUILT_PRODUCTS_DIR)/BindingTest.app/Contents/MacOS/BindingTest";
				COMBINE_HIDPI_IMAGES = YES;
				FRAMEWORK_SEARCH_PATHS = (
					"$(DEVELOPER_FRAMEWORKS_DIR)",
					"$(inherited)",
				);
				GCC_PRECOMPILE_PREFIX_HEADER = YES;
				GCC_PREFIX_HEADER = "BindingTest/BindingTest-Prefix.pch";
				GCC_PREPROCESSOR_DEFINITIONS = (
					"DEBUG=1",
					"$(inherited)",
				);
				INFOPLIST_FILE = "BindingTestTests/BindingTestTests-Info.plist";
				PRODUCT_NAME = "$(TARGET_NAME)";
				TEST_HOST = "$(BUNDLE_LOADER)";
				WRAPPER_EXTENSION = xctest;
			};
			name = Debug;
		};
		4F6AA0BD1975098A00EA74A2 /* Release */ = {
			isa = XCBuildConfiguration;
			buildSettings = {
				BUNDLE_LOADER = "$(BUILT_PRODUCTS_DIR)/BindingTest.app/Contents/MacOS/BindingTest";
				COMBINE_HIDPI_IMAGES = YES;
				FRAMEWORK_SEARCH_PATHS = (
					"$(DEVELOPER_FRAMEWORKS_DIR)",
					"$(inherited)",
				);
				GCC_PRECOMPILE_PREFIX_HEADER = YES;
				GCC_PREFIX_HEADER = "BindingTest/BindingTest-Prefix.pch";
				INFOPLIST_FILE = "BindingTestTests/BindingTestTests-Info.plist";
				PRODUCT_NAME = "$(TARGET_NAME)";
				TEST_HOST = "$(BUNDLE_LOADER)";
				WRAPPER_EXTENSION = xctest;
			};
			name = Release;
		};
/* End XCBuildConfiguration section */

/* Begin XCConfigurationList section */
		4F6AA0821975098A00EA74A2 /* Build configuration list for PBXProject "BindingTest" */ = {
			isa = XCConfigurationList;
			buildConfigurations = (
				4F6AA0B61975098A00EA74A2 /* Debug */,
				4F6AA0B71975098A00EA74A2 /* Release */,
			);
			defaultConfigurationIsVisible = 0;
			defaultConfigurationName = Release;
		};
		4F6AA0B81975098A00EA74A2 /* Build configuration list for PBXNativeTarget "BindingTest" */ = {
			isa = XCConfigurationList;
			buildConfigurations = (
				4F6AA0B91975098A00EA74A2 /* Debug */,
				4F6AA0BA1975098A00EA74A2 /* Release */,
			);
			defaultConfigurationIsVisible = 0;
			defaultConfigurationName = Release;
		};
		4F6AA0BB1975098A00EA74A2 /* Build configuration list for PBXNativeTarget "BindingTestTests" */ = {
			isa = XCConfigurationList;
			buildConfigurations = (
				4F6AA0BC1975098A00EA74A2 /* Debug */,
				4F6AA0BD1975098A00EA74A2 /* Release */,
			);
			defaultConfigurationIsVisible = 0;
			defaultConfigurationName = Release;
		};
/* End XCConfigurationList section */
	};
	rootObject = 4F6AA07F1975098A00EA74A2 /* Project object */;
}
